// !$*UTF8*$!
{
	archiveVersion = 1;
	classes = {
	};
	objectVersion = 56;
	objects = {

/* Begin PBXBuildFile section */
		C77321762A1C6F3800FFA948 /* AppDelegate.swift in Sources */ = {isa = PBXBuildFile; fileRef = C77321752A1C6F3800FFA948 /* AppDelegate.swift */; };
		C77321782A1C6F3800FFA948 /* SceneDelegate.swift in Sources */ = {isa = PBXBuildFile; fileRef = C77321772A1C6F3800FFA948 /* SceneDelegate.swift */; };
		C773217A2A1C6F3800FFA948 /* ViewController.swift in Sources */ = {isa = PBXBuildFile; fileRef = C77321792A1C6F3800FFA948 /* ViewController.swift */; };
		C773217D2A1C6F3800FFA948 /* Main.storyboard in Resources */ = {isa = PBXBuildFile; fileRef = C773217B2A1C6F3800FFA948 /* Main.storyboard */; };
		C773217F2A1C6F3900FFA948 /* Assets.xcassets in Resources */ = {isa = PBXBuildFile; fileRef = C773217E2A1C6F3900FFA948 /* Assets.xcassets */; };
		C77321822A1C6F3900FFA948 /* LaunchScreen.storyboard in Resources */ = {isa = PBXBuildFile; fileRef = C77321802A1C6F3900FFA948 /* LaunchScreen.storyboard */; };
		C773218D2A1C6F3900FFA948 /* BookReviewTests.swift in Sources */ = {isa = PBXBuildFile; fileRef = C773218C2A1C6F3900FFA948 /* BookReviewTests.swift */; };
		C77321972A1C6F3900FFA948 /* BookReviewUITests.swift in Sources */ = {isa = PBXBuildFile; fileRef = C77321962A1C6F3900FFA948 /* BookReviewUITests.swift */; };
		C77321992A1C6F3900FFA948 /* BookReviewUITestsLaunchTests.swift in Sources */ = {isa = PBXBuildFile; fileRef = C77321982A1C6F3900FFA948 /* BookReviewUITestsLaunchTests.swift */; };
/* End PBXBuildFile section */

/* Begin PBXContainerItemProxy section */
		C77321892A1C6F3900FFA948 /* PBXContainerItemProxy */ = {
			isa = PBXContainerItemProxy;
			containerPortal = C773216A2A1C6F3800FFA948 /* Project object */;
			proxyType = 1;
			remoteGlobalIDString = C77321712A1C6F3800FFA948;
			remoteInfo = BookReview;
		};
		C77321932A1C6F3900FFA948 /* PBXContainerItemProxy */ = {
			isa = PBXContainerItemProxy;
			containerPortal = C773216A2A1C6F3800FFA948 /* Project object */;
			proxyType = 1;
			remoteGlobalIDString = C77321712A1C6F3800FFA948;
			remoteInfo = BookReview;
		};
/* End PBXContainerItemProxy section */

/* Begin PBXFileReference section */
		C77321722A1C6F3800FFA948 /* BookReview.app */ = {isa = PBXFileReference; explicitFileType = wrapper.application; includeInIndex = 0; path = BookReview.app; sourceTree = BUILT_PRODUCTS_DIR; };
		C77321752A1C6F3800FFA948 /* AppDelegate.swift */ = {isa = PBXFileReference; lastKnownFileType = sourcecode.swift; path = AppDelegate.swift; sourceTree = "<group>"; };
		C77321772A1C6F3800FFA948 /* SceneDelegate.swift */ = {isa = PBXFileReference; lastKnownFileType = sourcecode.swift; path = SceneDelegate.swift; sourceTree = "<group>"; };
		C77321792A1C6F3800FFA948 /* ViewController.swift */ = {isa = PBXFileReference; lastKnownFileType = sourcecode.swift; path = ViewController.swift; sourceTree = "<group>"; };
		C773217C2A1C6F3800FFA948 /* Base */ = {isa = PBXFileReference; lastKnownFileType = file.storyboard; name = Base; path = Base.lproj/Main.storyboard; sourceTree = "<group>"; };
		C773217E2A1C6F3900FFA948 /* Assets.xcassets */ = {isa = PBXFileReference; lastKnownFileType = folder.assetcatalog; path = Assets.xcassets; sourceTree = "<group>"; };
		C77321812A1C6F3900FFA948 /* Base */ = {isa = PBXFileReference; lastKnownFileType = file.storyboard; name = Base; path = Base.lproj/LaunchScreen.storyboard; sourceTree = "<group>"; };
		C77321832A1C6F3900FFA948 /* Info.plist */ = {isa = PBXFileReference; lastKnownFileType = text.plist.xml; path = Info.plist; sourceTree = "<group>"; };
		C77321882A1C6F3900FFA948 /* BookReviewTests.xctest */ = {isa = PBXFileReference; explicitFileType = wrapper.cfbundle; includeInIndex = 0; path = BookReviewTests.xctest; sourceTree = BUILT_PRODUCTS_DIR; };
		C773218C2A1C6F3900FFA948 /* BookReviewTests.swift */ = {isa = PBXFileReference; lastKnownFileType = sourcecode.swift; path = BookReviewTests.swift; sourceTree = "<group>"; };
		C77321922A1C6F3900FFA948 /* BookReviewUITests.xctest */ = {isa = PBXFileReference; explicitFileType = wrapper.cfbundle; includeInIndex = 0; path = BookReviewUITests.xctest; sourceTree = BUILT_PRODUCTS_DIR; };
		C77321962A1C6F3900FFA948 /* BookReviewUITests.swift */ = {isa = PBXFileReference; lastKnownFileType = sourcecode.swift; path = BookReviewUITests.swift; sourceTree = "<group>"; };
		C77321982A1C6F3900FFA948 /* BookReviewUITestsLaunchTests.swift */ = {isa = PBXFileReference; lastKnownFileType = sourcecode.swift; path = BookReviewUITestsLaunchTests.swift; sourceTree = "<group>"; };
/* End PBXFileReference section */

/* Begin PBXFrameworksBuildPhase section */
		C773216F2A1C6F3800FFA948 /* Frameworks */ = {
			isa = PBXFrameworksBuildPhase;
			buildActionMask = 2147483647;
			files = (
			);
			runOnlyForDeploymentPostprocessing = 0;
		};
		C77321852A1C6F3900FFA948 /* Frameworks */ = {
			isa = PBXFrameworksBuildPhase;
			buildActionMask = 2147483647;
			files = (
			);
			runOnlyForDeploymentPostprocessing = 0;
		};
		C773218F2A1C6F3900FFA948 /* Frameworks */ = {
			isa = PBXFrameworksBuildPhase;
			buildActionMask = 2147483647;
			files = (
			);
			runOnlyForDeploymentPostprocessing = 0;
		};
/* End PBXFrameworksBuildPhase section */

/* Begin PBXGroup section */
		C77321692A1C6F3800FFA948 = {
			isa = PBXGroup;
			children = (
				C77321742A1C6F3800FFA948 /* BookReview */,
				C773218B2A1C6F3900FFA948 /* BookReviewTests */,
				C77321952A1C6F3900FFA948 /* BookReviewUITests */,
				C77321732A1C6F3800FFA948 /* Products */,
			);
			sourceTree = "<group>";
		};
		C77321732A1C6F3800FFA948 /* Products */ = {
			isa = PBXGroup;
			children = (
				C77321722A1C6F3800FFA948 /* BookReview.app */,
				C77321882A1C6F3900FFA948 /* BookReviewTests.xctest */,
				C77321922A1C6F3900FFA948 /* BookReviewUITests.xctest */,
			);
			name = Products;
			sourceTree = "<group>";
		};
		C77321742A1C6F3800FFA948 /* BookReview */ = {
			isa = PBXGroup;
			children = (
				C77321752A1C6F3800FFA948 /* AppDelegate.swift */,
				C77321772A1C6F3800FFA948 /* SceneDelegate.swift */,
				C77321792A1C6F3800FFA948 /* ViewController.swift */,
				C773217B2A1C6F3800FFA948 /* Main.storyboard */,
				C773217E2A1C6F3900FFA948 /* Assets.xcassets */,
				C77321802A1C6F3900FFA948 /* LaunchScreen.storyboard */,
				C77321832A1C6F3900FFA948 /* Info.plist */,
			);
			path = BookReview;
			sourceTree = "<group>";
		};
		C773218B2A1C6F3900FFA948 /* BookReviewTests */ = {
			isa = PBXGroup;
			children = (
				C773218C2A1C6F3900FFA948 /* BookReviewTests.swift */,
			);
			path = BookReviewTests;
			sourceTree = "<group>";
		};
		C77321952A1C6F3900FFA948 /* BookReviewUITests */ = {
			isa = PBXGroup;
			children = (
				C77321962A1C6F3900FFA948 /* BookReviewUITests.swift */,
				C77321982A1C6F3900FFA948 /* BookReviewUITestsLaunchTests.swift */,
			);
			path = BookReviewUITests;
			sourceTree = "<group>";
		};
/* End PBXGroup section */

/* Begin PBXNativeTarget section */
		C77321712A1C6F3800FFA948 /* BookReview */ = {
			isa = PBXNativeTarget;
			buildConfigurationList = C773219C2A1C6F3900FFA948 /* Build configuration list for PBXNativeTarget "BookReview" */;
			buildPhases = (
				C773216E2A1C6F3800FFA948 /* Sources */,
				C773216F2A1C6F3800FFA948 /* Frameworks */,
				C77321702A1C6F3800FFA948 /* Resources */,
			);
			buildRules = (
			);
			dependencies = (
			);
			name = BookReview;
			productName = BookReview;
			productReference = C77321722A1C6F3800FFA948 /* BookReview.app */;
			productType = "com.apple.product-type.application";
		};
		C77321872A1C6F3900FFA948 /* BookReviewTests */ = {
			isa = PBXNativeTarget;
			buildConfigurationList = C773219F2A1C6F3900FFA948 /* Build configuration list for PBXNativeTarget "BookReviewTests" */;
			buildPhases = (
				C77321842A1C6F3900FFA948 /* Sources */,
				C77321852A1C6F3900FFA948 /* Frameworks */,
				C77321862A1C6F3900FFA948 /* Resources */,
			);
			buildRules = (
			);
			dependencies = (
				C773218A2A1C6F3900FFA948 /* PBXTargetDependency */,
			);
			name = BookReviewTests;
			productName = BookReviewTests;
			productReference = C77321882A1C6F3900FFA948 /* BookReviewTests.xctest */;
			productType = "com.apple.product-type.bundle.unit-test";
		};
		C77321912A1C6F3900FFA948 /* BookReviewUITests */ = {
			isa = PBXNativeTarget;
			buildConfigurationList = C77321A22A1C6F3900FFA948 /* Build configuration list for PBXNativeTarget "BookReviewUITests" */;
			buildPhases = (
				C773218E2A1C6F3900FFA948 /* Sources */,
				C773218F2A1C6F3900FFA948 /* Frameworks */,
				C77321902A1C6F3900FFA948 /* Resources */,
			);
			buildRules = (
			);
			dependencies = (
				C77321942A1C6F3900FFA948 /* PBXTargetDependency */,
			);
			name = BookReviewUITests;
			productName = BookReviewUITests;
			productReference = C77321922A1C6F3900FFA948 /* BookReviewUITests.xctest */;
			productType = "com.apple.product-type.bundle.ui-testing";
		};
/* End PBXNativeTarget section */

/* Begin PBXProject section */
		C773216A2A1C6F3800FFA948 /* Project object */ = {
			isa = PBXProject;
			attributes = {
				BuildIndependentTargetsInParallel = 1;
				LastSwiftUpdateCheck = 1430;
				LastUpgradeCheck = 1430;
				TargetAttributes = {
					C77321712A1C6F3800FFA948 = {
						CreatedOnToolsVersion = 14.3;
					};
					C77321872A1C6F3900FFA948 = {
						CreatedOnToolsVersion = 14.3;
						TestTargetID = C77321712A1C6F3800FFA948;
					};
					C77321912A1C6F3900FFA948 = {
						CreatedOnToolsVersion = 14.3;
						TestTargetID = C77321712A1C6F3800FFA948;
					};
				};
			};
			buildConfigurationList = C773216D2A1C6F3800FFA948 /* Build configuration list for PBXProject "BookReview" */;
			compatibilityVersion = "Xcode 14.0";
			developmentRegion = en;
			hasScannedForEncodings = 0;
			knownRegions = (
				en,
				Base,
			);
			mainGroup = C77321692A1C6F3800FFA948;
			productRefGroup = C77321732A1C6F3800FFA948 /* Products */;
			projectDirPath = "";
			projectRoot = "";
			targets = (
				C77321712A1C6F3800FFA948 /* BookReview */,
				C77321872A1C6F3900FFA948 /* BookReviewTests */,
				C77321912A1C6F3900FFA948 /* BookReviewUITests */,
			);
		};
/* End PBXProject section */

/* Begin PBXResourcesBuildPhase section */
		C77321702A1C6F3800FFA948 /* Resources */ = {
			isa = PBXResourcesBuildPhase;
			buildActionMask = 2147483647;
			files = (
				C77321822A1C6F3900FFA948 /* LaunchScreen.storyboard in Resources */,
				C773217F2A1C6F3900FFA948 /* Assets.xcassets in Resources */,
				C773217D2A1C6F3800FFA948 /* Main.storyboard in Resources */,
			);
			runOnlyForDeploymentPostprocessing = 0;
		};
		C77321862A1C6F3900FFA948 /* Resources */ = {
			isa = PBXResourcesBuildPhase;
			buildActionMask = 2147483647;
			files = (
			);
			runOnlyForDeploymentPostprocessing = 0;
		};
		C77321902A1C6F3900FFA948 /* Resources */ = {
			isa = PBXResourcesBuildPhase;
			buildActionMask = 2147483647;
			files = (
			);
			runOnlyForDeploymentPostprocessing = 0;
		};
/* End PBXResourcesBuildPhase section */

/* Begin PBXSourcesBuildPhase section */
		C773216E2A1C6F3800FFA948 /* Sources */ = {
			isa = PBXSourcesBuildPhase;
			buildActionMask = 2147483647;
			files = (
				C773217A2A1C6F3800FFA948 /* ViewController.swift in Sources */,
				C77321762A1C6F3800FFA948 /* AppDelegate.swift in Sources */,
				C77321782A1C6F3800FFA948 /* SceneDelegate.swift in Sources */,
			);
			runOnlyForDeploymentPostprocessing = 0;
		};
		C77321842A1C6F3900FFA948 /* Sources */ = {
			isa = PBXSourcesBuildPhase;
			buildActionMask = 2147483647;
			files = (
				C773218D2A1C6F3900FFA948 /* BookReviewTests.swift in Sources */,
			);
			runOnlyForDeploymentPostprocessing = 0;
		};
		C773218E2A1C6F3900FFA948 /* Sources */ = {
			isa = PBXSourcesBuildPhase;
			buildActionMask = 2147483647;
			files = (
				C77321972A1C6F3900FFA948 /* BookReviewUITests.swift in Sources */,
				C77321992A1C6F3900FFA948 /* BookReviewUITestsLaunchTests.swift in Sources */,
			);
			runOnlyForDeploymentPostprocessing = 0;
		};
/* End PBXSourcesBuildPhase section */

/* Begin PBXTargetDependency section */
		C773218A2A1C6F3900FFA948 /* PBXTargetDependency */ = {
			isa = PBXTargetDependency;
			target = C77321712A1C6F3800FFA948 /* BookReview */;
			targetProxy = C77321892A1C6F3900FFA948 /* PBXContainerItemProxy */;
		};
		C77321942A1C6F3900FFA948 /* PBXTargetDependency */ = {
			isa = PBXTargetDependency;
			target = C77321712A1C6F3800FFA948 /* BookReview */;
			targetProxy = C77321932A1C6F3900FFA948 /* PBXContainerItemProxy */;
		};
/* End PBXTargetDependency section */

/* Begin PBXVariantGroup section */
		C773217B2A1C6F3800FFA948 /* Main.storyboard */ = {
			isa = PBXVariantGroup;
			children = (
				C773217C2A1C6F3800FFA948 /* Base */,
			);
			name = Main.storyboard;
			sourceTree = "<group>";
		};
		C77321802A1C6F3900FFA948 /* LaunchScreen.storyboard */ = {
			isa = PBXVariantGroup;
			children = (
				C77321812A1C6F3900FFA948 /* Base */,
			);
			name = LaunchScreen.storyboard;
			sourceTree = "<group>";
		};
/* End PBXVariantGroup section */

/* Begin XCBuildConfiguration section */
		C773219A2A1C6F3900FFA948 /* Debug */ = {
			isa = XCBuildConfiguration;
			buildSettings = {
				ALWAYS_SEARCH_USER_PATHS = NO;
				CLANG_ANALYZER_NONNULL = YES;
				CLANG_ANALYZER_NUMBER_OBJECT_CONVERSION = YES_AGGRESSIVE;
				CLANG_CXX_LANGUAGE_STANDARD = "gnu++20";
				CLANG_ENABLE_MODULES = YES;
				CLANG_ENABLE_OBJC_ARC = YES;
				CLANG_ENABLE_OBJC_WEAK = YES;
				CLANG_WARN_BLOCK_CAPTURE_AUTORELEASING = YES;
				CLANG_WARN_BOOL_CONVERSION = YES;
				CLANG_WARN_COMMA = YES;
				CLANG_WARN_CONSTANT_CONVERSION = YES;
				CLANG_WARN_DEPRECATED_OBJC_IMPLEMENTATIONS = YES;
				CLANG_WARN_DIRECT_OBJC_ISA_USAGE = YES_ERROR;
				CLANG_WARN_DOCUMENTATION_COMMENTS = YES;
				CLANG_WARN_EMPTY_BODY = YES;
				CLANG_WARN_ENUM_CONVERSION = YES;
				CLANG_WARN_INFINITE_RECURSION = YES;
				CLANG_WARN_INT_CONVERSION = YES;
				CLANG_WARN_NON_LITERAL_NULL_CONVERSION = YES;
				CLANG_WARN_OBJC_IMPLICIT_RETAIN_SELF = YES;
				CLANG_WARN_OBJC_LITERAL_CONVERSION = YES;
				CLANG_WARN_OBJC_ROOT_CLASS = YES_ERROR;
				CLANG_WARN_QUOTED_INCLUDE_IN_FRAMEWORK_HEADER = YES;
				CLANG_WARN_RANGE_LOOP_ANALYSIS = YES;
				CLANG_WARN_STRICT_PROTOTYPES = YES;
				CLANG_WARN_SUSPICIOUS_MOVE = YES;
				CLANG_WARN_UNGUARDED_AVAILABILITY = YES_AGGRESSIVE;
				CLANG_WARN_UNREACHABLE_CODE = YES;
				CLANG_WARN__DUPLICATE_METHOD_MATCH = YES;
				COPY_PHASE_STRIP = NO;
				DEBUG_INFORMATION_FORMAT = dwarf;
				ENABLE_STRICT_OBJC_MSGSEND = YES;
				ENABLE_TESTABILITY = YES;
				GCC_C_LANGUAGE_STANDARD = gnu11;
				GCC_DYNAMIC_NO_PIC = NO;
				GCC_NO_COMMON_BLOCKS = YES;
				GCC_OPTIMIZATION_LEVEL = 0;
				GCC_PREPROCESSOR_DEFINITIONS = (
					"DEBUG=1",
					"$(inherited)",
				);
				GCC_WARN_64_TO_32_BIT_CONVERSION = YES;
				GCC_WARN_ABOUT_RETURN_TYPE = YES_ERROR;
				GCC_WARN_UNDECLARED_SELECTOR = YES;
				GCC_WARN_UNINITIALIZED_AUTOS = YES_AGGRESSIVE;
				GCC_WARN_UNUSED_FUNCTION = YES;
				GCC_WARN_UNUSED_VARIABLE = YES;
				IPHONEOS_DEPLOYMENT_TARGET = 16.4;
				MTL_ENABLE_DEBUG_INFO = INCLUDE_SOURCE;
				MTL_FAST_MATH = YES;
				ONLY_ACTIVE_ARCH = YES;
				SDKROOT = iphoneos;
				SWIFT_ACTIVE_COMPILATION_CONDITIONS = DEBUG;
				SWIFT_OPTIMIZATION_LEVEL = "-Onone";
			};
			name = Debug;
		};
		C773219B2A1C6F3900FFA948 /* Release */ = {
			isa = XCBuildConfiguration;
			buildSettings = {
				ALWAYS_SEARCH_USER_PATHS = NO;
				CLANG_ANALYZER_NONNULL = YES;
				CLANG_ANALYZER_NUMBER_OBJECT_CONVERSION = YES_AGGRESSIVE;
				CLANG_CXX_LANGUAGE_STANDARD = "gnu++20";
				CLANG_ENABLE_MODULES = YES;
				CLANG_ENABLE_OBJC_ARC = YES;
				CLANG_ENABLE_OBJC_WEAK = YES;
				CLANG_WARN_BLOCK_CAPTURE_AUTORELEASING = YES;
				CLANG_WARN_BOOL_CONVERSION = YES;
				CLANG_WARN_COMMA = YES;
				CLANG_WARN_CONSTANT_CONVERSION = YES;
				CLANG_WARN_DEPRECATED_OBJC_IMPLEMENTATIONS = YES;
				CLANG_WARN_DIRECT_OBJC_ISA_USAGE = YES_ERROR;
				CLANG_WARN_DOCUMENTATION_COMMENTS = YES;
				CLANG_WARN_EMPTY_BODY = YES;
				CLANG_WARN_ENUM_CONVERSION = YES;
				CLANG_WARN_INFINITE_RECURSION = YES;
				CLANG_WARN_INT_CONVERSION = YES;
				CLANG_WARN_NON_LITERAL_NULL_CONVERSION = YES;
				CLANG_WARN_OBJC_IMPLICIT_RETAIN_SELF = YES;
				CLANG_WARN_OBJC_LITERAL_CONVERSION = YES;
				CLANG_WARN_OBJC_ROOT_CLASS = YES_ERROR;
				CLANG_WARN_QUOTED_INCLUDE_IN_FRAMEWORK_HEADER = YES;
				CLANG_WARN_RANGE_LOOP_ANALYSIS = YES;
				CLANG_WARN_STRICT_PROTOTYPES = YES;
				CLANG_WARN_SUSPICIOUS_MOVE = YES;
				CLANG_WARN_UNGUARDED_AVAILABILITY = YES_AGGRESSIVE;
				CLANG_WARN_UNREACHABLE_CODE = YES;
				CLANG_WARN__DUPLICATE_METHOD_MATCH = YES;
				COPY_PHASE_STRIP = NO;
				DEBUG_INFORMATION_FORMAT = "dwarf-with-dsym";
				ENABLE_NS_ASSERTIONS = NO;
				ENABLE_STRICT_OBJC_MSGSEND = YES;
				GCC_C_LANGUAGE_STANDARD = gnu11;
				GCC_NO_COMMON_BLOCKS = YES;
				GCC_WARN_64_TO_32_BIT_CONVERSION = YES;
				GCC_WARN_ABOUT_RETURN_TYPE = YES_ERROR;
				GCC_WARN_UNDECLARED_SELECTOR = YES;
				GCC_WARN_UNINITIALIZED_AUTOS = YES_AGGRESSIVE;
				GCC_WARN_UNUSED_FUNCTION = YES;
				GCC_WARN_UNUSED_VARIABLE = YES;
				IPHONEOS_DEPLOYMENT_TARGET = 16.4;
				MTL_ENABLE_DEBUG_INFO = NO;
				MTL_FAST_MATH = YES;
				SDKROOT = iphoneos;
				SWIFT_COMPILATION_MODE = wholemodule;
				SWIFT_OPTIMIZATION_LEVEL = "-O";
				VALIDATE_PRODUCT = YES;
			};
			name = Release;
		};
		C773219D2A1C6F3900FFA948 /* Debug */ = {
			isa = XCBuildConfiguration;
			buildSettings = {
				ASSETCATALOG_COMPILER_APPICON_NAME = AppIcon;
				ASSETCATALOG_COMPILER_GLOBAL_ACCENT_COLOR_NAME = AccentColor;
				CODE_SIGN_STYLE = Automatic;
				CURRENT_PROJECT_VERSION = 1;
				DEVELOPMENT_TEAM = NG2NLR2Z86;
				GENERATE_INFOPLIST_FILE = YES;
				INFOPLIST_FILE = BookReview/Info.plist;
				INFOPLIST_KEY_UIApplicationSupportsIndirectInputEvents = YES;
				INFOPLIST_KEY_UILaunchStoryboardName = LaunchScreen;
				INFOPLIST_KEY_UIMainStoryboardFile = Main;
				INFOPLIST_KEY_UISupportedInterfaceOrientations_iPad = "UIInterfaceOrientationPortrait UIInterfaceOrientationPortraitUpsideDown UIInterfaceOrientationLandscapeLeft UIInterfaceOrientationLandscapeRight";
				INFOPLIST_KEY_UISupportedInterfaceOrientations_iPhone = "UIInterfaceOrientationPortrait UIInterfaceOrientationLandscapeLeft UIInterfaceOrientationLandscapeRight";
				LD_RUNPATH_SEARCH_PATHS = (
					"$(inherited)",
					"@executable_path/Frameworks",
				);
				MARKETING_VERSION = 1.0;
				PRODUCT_BUNDLE_IDENTIFIER = Sunho.BookReview;
				PRODUCT_NAME = "$(TARGET_NAME)";
				SWIFT_EMIT_LOC_STRINGS = YES;
				SWIFT_VERSION = 5.0;
				TARGETED_DEVICE_FAMILY = "1,2";
			};
			name = Debug;
		};
		C773219E2A1C6F3900FFA948 /* Release */ = {
			isa = XCBuildConfiguration;
			buildSettings = {
				ASSETCATALOG_COMPILER_APPICON_NAME = AppIcon;
				ASSETCATALOG_COMPILER_GLOBAL_ACCENT_COLOR_NAME = AccentColor;
				CODE_SIGN_STYLE = Automatic;
				CURRENT_PROJECT_VERSION = 1;
				DEVELOPMENT_TEAM = NG2NLR2Z86;
				GENERATE_INFOPLIST_FILE = YES;
				INFOPLIST_FILE = BookReview/Info.plist;
				INFOPLIST_KEY_UIApplicationSupportsIndirectInputEvents = YES;
				INFOPLIST_KEY_UILaunchStoryboardName = LaunchScreen;
				INFOPLIST_KEY_UIMainStoryboardFile = Main;
				INFOPLIST_KEY_UISupportedInterfaceOrientations_iPad = "UIInterfaceOrientationPortrait UIInterfaceOrientationPortraitUpsideDown UIInterfaceOrientationLandscapeLeft UIInterfaceOrientationLandscapeRight";
				INFOPLIST_KEY_UISupportedInterfaceOrientations_iPhone = "UIInterfaceOrientationPortrait UIInterfaceOrientationLandscapeLeft UIInterfaceOrientationLandscapeRight";
				LD_RUNPATH_SEARCH_PATHS = (
					"$(inherited)",
					"@executable_path/Frameworks",
				);
				MARKETING_VERSION = 1.0;
				PRODUCT_BUNDLE_IDENTIFIER = Sunho.BookReview;
				PRODUCT_NAME = "$(TARGET_NAME)";
				SWIFT_EMIT_LOC_STRINGS = YES;
				SWIFT_VERSION = 5.0;
				TARGETED_DEVICE_FAMILY = "1,2";
			};
			name = Release;
		};
		C77321A02A1C6F3900FFA948 /* Debug */ = {
			isa = XCBuildConfiguration;
			buildSettings = {
				ALWAYS_EMBED_SWIFT_STANDARD_LIBRARIES = YES;
				BUNDLE_LOADER = "$(TEST_HOST)";
				CODE_SIGN_STYLE = Automatic;
				CURRENT_PROJECT_VERSION = 1;
				DEVELOPMENT_TEAM = NG2NLR2Z86;
				GENERATE_INFOPLIST_FILE = YES;
				IPHONEOS_DEPLOYMENT_TARGET = 16.4;
				MARKETING_VERSION = 1.0;
				PRODUCT_BUNDLE_IDENTIFIER = Sunho.BookReviewTests;
				PRODUCT_NAME = "$(TARGET_NAME)";
				SWIFT_EMIT_LOC_STRINGS = NO;
				SWIFT_VERSION = 5.0;
				TARGETED_DEVICE_FAMILY = "1,2";
				TEST_HOST = "$(BUILT_PRODUCTS_DIR)/BookReview.app/$(BUNDLE_EXECUTABLE_FOLDER_PATH)/BookReview";
			};
			name = Debug;
		};
		C77321A12A1C6F3900FFA948 /* Release */ = {
			isa = XCBuildConfiguration;
			buildSettings = {
				ALWAYS_EMBED_SWIFT_STANDARD_LIBRARIES = YES;
				BUNDLE_LOADER = "$(TEST_HOST)";
				CODE_SIGN_STYLE = Automatic;
				CURRENT_PROJECT_VERSION = 1;
				DEVELOPMENT_TEAM = NG2NLR2Z86;
				GENERATE_INFOPLIST_FILE = YES;
				IPHONEOS_DEPLOYMENT_TARGET = 16.4;
				MARKETING_VERSION = 1.0;
				PRODUCT_BUNDLE_IDENTIFIER = Sunho.BookReviewTests;
				PRODUCT_NAME = "$(TARGET_NAME)";
				SWIFT_EMIT_LOC_STRINGS = NO;
				SWIFT_VERSION = 5.0;
				TARGETED_DEVICE_FAMILY = "1,2";
				TEST_HOST = "$(BUILT_PRODUCTS_DIR)/BookReview.app/$(BUNDLE_EXECUTABLE_FOLDER_PATH)/BookReview";
			};
			name = Release;
		};
		C77321A32A1C6F3900FFA948 /* Debug */ = {
			isa = XCBuildConfiguration;
			buildSettings = {
				ALWAYS_EMBED_SWIFT_STANDARD_LIBRARIES = YES;
				CODE_SIGN_STYLE = Automatic;
				CURRENT_PROJECT_VERSION = 1;
				DEVELOPMENT_TEAM = NG2NLR2Z86;
				GENERATE_INFOPLIST_FILE = YES;
				MARKETING_VERSION = 1.0;
				PRODUCT_BUNDLE_IDENTIFIER = Sunho.BookReviewUITests;
				PRODUCT_NAME = "$(TARGET_NAME)";
				SWIFT_EMIT_LOC_STRINGS = NO;
				SWIFT_VERSION = 5.0;
				TARGETED_DEVICE_FAMILY = "1,2";
				TEST_TARGET_NAME = BookReview;
			};
			name = Debug;
		};
		C77321A42A1C6F3900FFA948 /* Release */ = {
			isa = XCBuildConfiguration;
			buildSettings = {
				ALWAYS_EMBED_SWIFT_STANDARD_LIBRARIES = YES;
				CODE_SIGN_STYLE = Automatic;
				CURRENT_PROJECT_VERSION = 1;
				DEVELOPMENT_TEAM = NG2NLR2Z86;
				GENERATE_INFOPLIST_FILE = YES;
				MARKETING_VERSION = 1.0;
				PRODUCT_BUNDLE_IDENTIFIER = Sunho.BookReviewUITests;
				PRODUCT_NAME = "$(TARGET_NAME)";
				SWIFT_EMIT_LOC_STRINGS = NO;
				SWIFT_VERSION = 5.0;
				TARGETED_DEVICE_FAMILY = "1,2";
				TEST_TARGET_NAME = BookReview;
			};
			name = Release;
		};
/* End XCBuildConfiguration section */

/* Begin XCConfigurationList section */
		C773216D2A1C6F3800FFA948 /* Build configuration list for PBXProject "BookReview" */ = {
			isa = XCConfigurationList;
			buildConfigurations = (
				C773219A2A1C6F3900FFA948 /* Debug */,
				C773219B2A1C6F3900FFA948 /* Release */,
			);
			defaultConfigurationIsVisible = 0;
			defaultConfigurationName = Release;
		};
		C773219C2A1C6F3900FFA948 /* Build configuration list for PBXNativeTarget "BookReview" */ = {
			isa = XCConfigurationList;
			buildConfigurations = (
				C773219D2A1C6F3900FFA948 /* Debug */,
				C773219E2A1C6F3900FFA948 /* Release */,
			);
			defaultConfigurationIsVisible = 0;
			defaultConfigurationName = Release;
		};
		C773219F2A1C6F3900FFA948 /* Build configuration list for PBXNativeTarget "BookReviewTests" */ = {
			isa = XCConfigurationList;
			buildConfigurations = (
				C77321A02A1C6F3900FFA948 /* Debug */,
				C77321A12A1C6F3900FFA948 /* Release */,
			);
			defaultConfigurationIsVisible = 0;
			defaultConfigurationName = Release;
		};
		C77321A22A1C6F3900FFA948 /* Build configuration list for PBXNativeTarget "BookReviewUITests" */ = {
			isa = XCConfigurationList;
			buildConfigurations = (
				C77321A32A1C6F3900FFA948 /* Debug */,
				C77321A42A1C6F3900FFA948 /* Release */,
			);
			defaultConfigurationIsVisible = 0;
			defaultConfigurationName = Release;
		};
/* End XCConfigurationList section */
	};
	rootObject = C773216A2A1C6F3800FFA948 /* Project object */;
}
